
Microsoft Visual Studio Solution File, Format Version 12.00
# Visual Studio Version 17
VisualStudioVersion = 17.0.31903.59
MinimumVisualStudioVersion = 10.0.40219.1
Project("{2150E333-8FDC-42A3-9474-1A3956D46DE8}") = "src", "src", "{C6A361E0-BA0C-4C58-8A19-AFDF2ACF8E1F}"
EndProject
Project("{9A19103F-16F7-4668-BE54-9A1E7A4F7556}") = "BIGFOOT.RGBMatrix", "src\BIGFOOT.RGBMatrix\BIGFOOT.RGBMatrix.csproj", "{321DBF63-C0EF-4A30-9212-D44831C236E8}"
EndProject
Project("{2150E333-8FDC-42A3-9474-1A3956D46DE8}") = "Visuals", "Visuals", "{832E7028-BFA1-4F69-8179-37BE4846C21F}"
EndProject
Project("{9A19103F-16F7-4668-BE54-9A1E7A4F7556}") = "BIGFOOT.RGBMatrix.Visuals", "src\Visuals\BIGFOOT.RGBMatrix.Visuals\BIGFOOT.RGBMatrix.Visuals.csproj", "{E36B5293-D6A2-4895-ABC0-2CA400492962}"
EndProject
Project("{9A19103F-16F7-4668-BE54-9A1E7A4F7556}") = "BIGFOOT.RGBMatrix.Visuals.Snake", "src\Visuals\BIGFOOT.RGBMatrix.Visuals.Snake\BIGFOOT.RGBMatrix.Visuals.Snake.csproj", "{2B050496-8921-44D0-8C25-018F120AE742}"
EndProject
Project("{9A19103F-16F7-4668-BE54-9A1E7A4F7556}") = "BIGFOOT.RGBMatrix.ControllerInputDrivers", "src\Inputs\BIGFOOT.RGBMatrix.ControllerInputDrivers.csproj", "{8B663B4F-27C1-4063-AAFE-9B3C6387D7CF}"
EndProject
Project("{2150E333-8FDC-42A3-9474-1A3956D46DE8}") = "Tests", "Tests", "{C656F41E-1E57-48F0-9667-21574401149A}"
EndProject
Project("{9A19103F-16F7-4668-BE54-9A1E7A4F7556}") = "BIGFOOT.RBGMatrix.Tests.Visuals.Snake", "src\Tests\BIGFOOT.RBGMatrix.Tests.Visuals.Snake\BIGFOOT.RBGMatrix.Tests.Visuals.Snake.csproj", "{3589B164-64DF-4138-B906-8C934BCF10FC}"
EndProject
Project("{2150E333-8FDC-42A3-9474-1A3956D46DE8}") = "Inputs", "Inputs", "{070C155E-3A0D-425F-8F58-810D1B9A3FD5}"
EndProject
Global
	GlobalSection(SolutionConfigurationPlatforms) = preSolution
		Debug|Any CPU = Debug|Any CPU
		Debug|ARM64 = Debug|ARM64
		Release|Any CPU = Release|Any CPU
		Release|ARM64 = Release|ARM64
	EndGlobalSection
	GlobalSection(ProjectConfigurationPlatforms) = postSolution
		{321DBF63-C0EF-4A30-9212-D44831C236E8}.Debug|Any CPU.ActiveCfg = Debug|Any CPU
		{321DBF63-C0EF-4A30-9212-D44831C236E8}.Debug|Any CPU.Build.0 = Debug|Any CPU
		{321DBF63-C0EF-4A30-9212-D44831C236E8}.Debug|ARM64.ActiveCfg = Debug|ARM64
		{321DBF63-C0EF-4A30-9212-D44831C236E8}.Debug|ARM64.Build.0 = Debug|ARM64
		{321DBF63-C0EF-4A30-9212-D44831C236E8}.Release|Any CPU.ActiveCfg = Release|Any CPU
		{321DBF63-C0EF-4A30-9212-D44831C236E8}.Release|Any CPU.Build.0 = Release|Any CPU
		{321DBF63-C0EF-4A30-9212-D44831C236E8}.Release|ARM64.ActiveCfg = Release|ARM64
		{321DBF63-C0EF-4A30-9212-D44831C236E8}.Release|ARM64.Build.0 = Release|ARM64
		{E36B5293-D6A2-4895-ABC0-2CA400492962}.Debug|Any CPU.ActiveCfg = Debug|Any CPU
		{E36B5293-D6A2-4895-ABC0-2CA400492962}.Debug|Any CPU.Build.0 = Debug|Any CPU
		{E36B5293-D6A2-4895-ABC0-2CA400492962}.Debug|ARM64.ActiveCfg = Debug|ARM64
		{E36B5293-D6A2-4895-ABC0-2CA400492962}.Debug|ARM64.Build.0 = Debug|ARM64
		{E36B5293-D6A2-4895-ABC0-2CA400492962}.Release|Any CPU.ActiveCfg = Release|Any CPU
		{E36B5293-D6A2-4895-ABC0-2CA400492962}.Release|Any CPU.Build.0 = Release|Any CPU
		{E36B5293-D6A2-4895-ABC0-2CA400492962}.Release|ARM64.ActiveCfg = Release|ARM64
		{E36B5293-D6A2-4895-ABC0-2CA400492962}.Release|ARM64.Build.0 = Release|ARM64
		{2B050496-8921-44D0-8C25-018F120AE742}.Debug|Any CPU.ActiveCfg = Debug|Any CPU
		{2B050496-8921-44D0-8C25-018F120AE742}.Debug|Any CPU.Build.0 = Debug|Any CPU
		{2B050496-8921-44D0-8C25-018F120AE742}.Debug|ARM64.ActiveCfg = Debug|ARM64
		{2B050496-8921-44D0-8C25-018F120AE742}.Debug|ARM64.Build.0 = Debug|ARM64
		{2B050496-8921-44D0-8C25-018F120AE742}.Release|Any CPU.ActiveCfg = Release|Any CPU
		{2B050496-8921-44D0-8C25-018F120AE742}.Release|Any CPU.Build.0 = Release|Any CPU
		{2B050496-8921-44D0-8C25-018F120AE742}.Release|ARM64.ActiveCfg = Release|ARM64
		{2B050496-8921-44D0-8C25-018F120AE742}.Release|ARM64.Build.0 = Release|ARM64
		{8B663B4F-27C1-4063-AAFE-9B3C6387D7CF}.Debug|Any CPU.ActiveCfg = Debug|Any CPU
		{8B663B4F-27C1-4063-AAFE-9B3C6387D7CF}.Debug|Any CPU.Build.0 = Debug|Any CPU
		{8B663B4F-27C1-4063-AAFE-9B3C6387D7CF}.Debug|ARM64.ActiveCfg = Debug|ARM64
		{8B663B4F-27C1-4063-AAFE-9B3C6387D7CF}.Debug|ARM64.Build.0 = Debug|ARM64
		{8B663B4F-27C1-4063-AAFE-9B3C6387D7CF}.Release|Any CPU.ActiveCfg = Release|Any CPU
		{8B663B4F-27C1-4063-AAFE-9B3C6387D7CF}.Release|Any CPU.Build.0 = Release|Any CPU
		{8B663B4F-27C1-4063-AAFE-9B3C6387D7CF}.Release|ARM64.ActiveCfg = Release|ARM64
		{8B663B4F-27C1-4063-AAFE-9B3C6387D7CF}.Release|ARM64.Build.0 = Release|ARM64
		{3589B164-64DF-4138-B906-8C934BCF10FC}.Debug|Any CPU.ActiveCfg = Debug|Any CPU
		{3589B164-64DF-4138-B906-8C934BCF10FC}.Debug|Any CPU.Build.0 = Debug|Any CPU
		{3589B164-64DF-4138-B906-8C934BCF10FC}.Debug|ARM64.ActiveCfg = Debug|Any CPU
		{3589B164-64DF-4138-B906-8C934BCF10FC}.Debug|ARM64.Build.0 = Debug|Any CPU
		{3589B164-64DF-4138-B906-8C934BCF10FC}.Release|Any CPU.ActiveCfg = Release|Any CPU
		{3589B164-64DF-4138-B906-8C934BCF10FC}.Release|Any CPU.Build.0 = Release|Any CPU
		{3589B164-64DF-4138-B906-8C934BCF10FC}.Release|ARM64.ActiveCfg = Release|Any CPU
		{3589B164-64DF-4138-B906-8C934BCF10FC}.Release|ARM64.Build.0 = Release|Any CPU
	EndGlobalSection
	GlobalSection(SolutionProperties) = preSolution
		HideSolutionNode = FALSE
	EndGlobalSection
	GlobalSection(NestedProjects) = preSolution
		{321DBF63-C0EF-4A30-9212-D44831C236E8} = {C6A361E0-BA0C-4C58-8A19-AFDF2ACF8E1F}
		{832E7028-BFA1-4F69-8179-37BE4846C21F} = {C6A361E0-BA0C-4C58-8A19-AFDF2ACF8E1F}
		{E36B5293-D6A2-4895-ABC0-2CA400492962} = {832E7028-BFA1-4F69-8179-37BE4846C21F}
		{2B050496-8921-44D0-8C25-018F120AE742} = {832E7028-BFA1-4F69-8179-37BE4846C21F}
		{8B663B4F-27C1-4063-AAFE-9B3C6387D7CF} = {070C155E-3A0D-425F-8F58-810D1B9A3FD5}
		{C656F41E-1E57-48F0-9667-21574401149A} = {C6A361E0-BA0C-4C58-8A19-AFDF2ACF8E1F}
		{3589B164-64DF-4138-B906-8C934BCF10FC} = {C656F41E-1E57-48F0-9667-21574401149A}
		{070C155E-3A0D-425F-8F58-810D1B9A3FD5} = {C6A361E0-BA0C-4C58-8A19-AFDF2ACF8E1F}
	EndGlobalSection
	GlobalSection(ExtensibilityGlobals) = postSolution
		SolutionGuid = {43437EDA-6A5E-4A29-92A4-6AF28B662785}
	EndGlobalSection
EndGlobal
